
Microsoft Visual Studio Solution File, Format Version 12.00
# Visual Studio 15
VisualStudioVersion = 15.0.28307.902
MinimumVisualStudioVersion = 10.0.40219.1
Project("{FAE04EC0-301F-11D3-BF4B-00C04F79EFBC}") = "MO_ind", "MO_ind\MO_ind.csproj", "{2747EED5-5DFA-4075-AFEA-6CCAB851D7BE}"
EndProject
Global
	GlobalSection(SolutionConfigurationPlatforms) = preSolution
		Debug|Any CPU = Debug|Any CPU
		Release|Any CPU = Release|Any CPU
	EndGlobalSection
	GlobalSection(ProjectConfigurationPlatforms) = postSolution
		{2747EED5-5DFA-4075-AFEA-6CCAB851D7BE}.Debug|Any CPU.ActiveCfg = Debug|Any CPU
		{2747EED5-5DFA-4075-AFEA-6CCAB851D7BE}.Debug|Any CPU.Build.0 = Debug|Any CPU
		{2747EED5-5DFA-4075-AFEA-6CCAB851D7BE}.Release|Any CPU.ActiveCfg = Release|Any CPU
		{2747EED5-5DFA-4075-AFEA-6CCAB851D7BE}.Release|Any CPU.Build.0 = Release|Any CPU
	EndGlobalSection
	GlobalSection(SolutionProperties) = preSolution
		HideSolutionNode = FALSE
	EndGlobalSection
	GlobalSection(ExtensibilityGlobals) = postSolution
		SolutionGuid = {01FD709A-D657-45AB-A703-F837BBF6CA4A}
	EndGlobalSection
EndGlobal
